
Microsoft Visual Studio Solution File, Format Version 12.00
# Visual Studio Version 16
VisualStudioVersion = 16.0.34407.143
MinimumVisualStudioVersion = 10.0.40219.1
Project("{FAE04EC0-301F-11D3-BF4B-00C04F79EFBC}") = "MusicListC", "MusicListC\MusicListC.csproj", "{9C3362C5-EAB0-49FE-9C69-66A4118748EE}"
EndProject
Global
	GlobalSection(SolutionConfigurationPlatforms) = preSolution
		Debug|Any CPU = Debug|Any CPU
		Release|Any CPU = Release|Any CPU
	EndGlobalSection
	GlobalSection(ProjectConfigurationPlatforms) = postSolution
		{9C3362C5-EAB0-49FE-9C69-66A4118748EE}.Debug|Any CPU.ActiveCfg = Debug|Any CPU
		{9C3362C5-EAB0-49FE-9C69-66A4118748EE}.Debug|Any CPU.Build.0 = Debug|Any CPU
		{9C3362C5-EAB0-49FE-9C69-66A4118748EE}.Release|Any CPU.ActiveCfg = Release|Any CPU
		{9C3362C5-EAB0-49FE-9C69-66A4118748EE}.Release|Any CPU.Build.0 = Release|Any CPU
	EndGlobalSection
	GlobalSection(SolutionProperties) = preSolution
		HideSolutionNode = FALSE
	EndGlobalSection
	GlobalSection(ExtensibilityGlobals) = postSolution
		SolutionGuid = {516561D8-DD5B-4B16-BE6F-43520D1531A7}
	EndGlobalSection
EndGlobal
